
Microsoft Visual Studio Solution File, Format Version 12.00
# Visual Studio Version 17
VisualStudioVersion = 17.14.36518.9 d17.14
MinimumVisualStudioVersion = 10.0.40219.1
Project("{8BC9CEB8-8B4A-11D0-8D11-00A0C91BC942}") = "Laba_BTBG2", "Laba_BTBG2.vcxproj", "{BD32DEBA-17F2-42E8-88CC-2775D9BCEDDE}"
EndProject
Global
	GlobalSection(SolutionConfigurationPlatforms) = preSolution
		Debug|x64 = Debug|x64
		Debug|x86 = Debug|x86
		Release|x64 = Release|x64
		Release|x86 = Release|x86
	EndGlobalSection
	GlobalSection(ProjectConfigurationPlatforms) = postSolution
		{BD32DEBA-17F2-42E8-88CC-2775D9BCEDDE}.Debug|x64.ActiveCfg = Debug|x64
		{BD32DEBA-17F2-42E8-88CC-2775D9BCEDDE}.Debug|x64.Build.0 = Debug|x64
		{BD32DEBA-17F2-42E8-88CC-2775D9BCEDDE}.Debug|x86.ActiveCfg = Debug|Win32
		{BD32DEBA-17F2-42E8-88CC-2775D9BCEDDE}.Debug|x86.Build.0 = Debug|Win32
		{BD32DEBA-17F2-42E8-88CC-2775D9BCEDDE}.Release|x64.ActiveCfg = Release|x64
		{BD32DEBA-17F2-42E8-88CC-2775D9BCEDDE}.Release|x64.Build.0 = Release|x64
		{BD32DEBA-17F2-42E8-88CC-2775D9BCEDDE}.Release|x86.ActiveCfg = Release|Win32
		{BD32DEBA-17F2-42E8-88CC-2775D9BCEDDE}.Release|x86.Build.0 = Release|Win32
	EndGlobalSection
	GlobalSection(SolutionProperties) = preSolution
		HideSolutionNode = FALSE
	EndGlobalSection
	GlobalSection(ExtensibilityGlobals) = postSolution
		SolutionGuid = {9488D7D0-5B9B-4151-A394-656FC74D6673}
	EndGlobalSection
EndGlobal
